
Microsoft Visual Studio Solution File, Format Version 12.00
# Visual Studio Version 16
VisualStudioVersion = 16.0.30204.135
MinimumVisualStudioVersion = 10.0.40219.1
Project("{FAE04EC0-301F-11D3-BF4B-00C04F79EFBC}") = "SingletonDemo", "SingletonDemo\SingletonDemo.csproj", "{DA2624F9-9377-4B9D-9E33-E2C7F4DC2924}"
EndProject
Global
	GlobalSection(SolutionConfigurationPlatforms) = preSolution
		Debug|Any CPU = Debug|Any CPU
		Release|Any CPU = Release|Any CPU
	EndGlobalSection
	GlobalSection(ProjectConfigurationPlatforms) = postSolution
		{DA2624F9-9377-4B9D-9E33-E2C7F4DC2924}.Debug|Any CPU.ActiveCfg = Debug|Any CPU
		{DA2624F9-9377-4B9D-9E33-E2C7F4DC2924}.Debug|Any CPU.Build.0 = Debug|Any CPU
		{DA2624F9-9377-4B9D-9E33-E2C7F4DC2924}.Release|Any CPU.ActiveCfg = Release|Any CPU
		{DA2624F9-9377-4B9D-9E33-E2C7F4DC2924}.Release|Any CPU.Build.0 = Release|Any CPU
	EndGlobalSection
	GlobalSection(SolutionProperties) = preSolution
		HideSolutionNode = FALSE
	EndGlobalSection
	GlobalSection(ExtensibilityGlobals) = postSolution
		SolutionGuid = {3D0329A9-9B3B-47F9-A6B2-7262FDB99143}
	EndGlobalSection
EndGlobal
